
Microsoft Visual Studio Solution File, Format Version 12.00
# Visual Studio Version 16
VisualStudioVersion = 16.0.32228.343
MinimumVisualStudioVersion = 10.0.40219.1
Project("{FAE04EC0-301F-11D3-BF4B-00C04F79EFBC}") = "ProductosAPI", "ProductosAPI\ProductosAPI.csproj", "{AE5561B3-F576-4335-9DC2-E2D7BB1B575F}"
EndProject
Global
	GlobalSection(SolutionConfigurationPlatforms) = preSolution
		Debug|Any CPU = Debug|Any CPU
		Release|Any CPU = Release|Any CPU
	EndGlobalSection
	GlobalSection(ProjectConfigurationPlatforms) = postSolution
		{AE5561B3-F576-4335-9DC2-E2D7BB1B575F}.Debug|Any CPU.ActiveCfg = Debug|Any CPU
		{AE5561B3-F576-4335-9DC2-E2D7BB1B575F}.Debug|Any CPU.Build.0 = Debug|Any CPU
		{AE5561B3-F576-4335-9DC2-E2D7BB1B575F}.Release|Any CPU.ActiveCfg = Release|Any CPU
		{AE5561B3-F576-4335-9DC2-E2D7BB1B575F}.Release|Any CPU.Build.0 = Release|Any CPU
	EndGlobalSection
	GlobalSection(SolutionProperties) = preSolution
		HideSolutionNode = FALSE
	EndGlobalSection
	GlobalSection(ExtensibilityGlobals) = postSolution
		SolutionGuid = {CEB3A86A-9B53-4DCB-A0A5-24ECFC2EA07B}
	EndGlobalSection
EndGlobal
